// !$*UTF8*$!
{
	archiveVersion = 1;
	classes = {
	};
	objectVersion = 46;
	objects = {

/* Begin PBXBuildFile section */
		8DA985F91BCEA18C00CD5EA4 /* Foundation.framework in Frameworks */ = {isa = PBXBuildFile; fileRef = 8DA985F81BCEA18C00CD5EA4 /* Foundation.framework */; };
		8DA985FB1BCEA18C00CD5EA4 /* CoreGraphics.framework in Frameworks */ = {isa = PBXBuildFile; fileRef = 8DA985FA1BCEA18C00CD5EA4 /* CoreGraphics.framework */; };
		8DA985FD1BCEA18C00CD5EA4 /* UIKit.framework in Frameworks */ = {isa = PBXBuildFile; fileRef = 8DA985FC1BCEA18C00CD5EA4 /* UIKit.framework */; };
		8DA985FF1BCEA18C00CD5EA4 /* CoreData.framework in Frameworks */ = {isa = PBXBuildFile; fileRef = 8DA985FE1BCEA18C00CD5EA4 /* CoreData.framework */; };
		8DA986051BCEA18C00CD5EA4 /* InfoPlist.strings in Resources */ = {isa = PBXBuildFile; fileRef = 8DA986031BCEA18C00CD5EA4 /* InfoPlist.strings */; };
		8DA986071BCEA18C00CD5EA4 /* main.m in Sources */ = {isa = PBXBuildFile; fileRef = 8DA986061BCEA18C00CD5EA4 /* main.m */; };
		8DA9860B1BCEA18C00CD5EA4 /* SPPAppDelegate.m in Sources */ = {isa = PBXBuildFile; fileRef = 8DA9860A1BCEA18C00CD5EA4 /* SPPAppDelegate.m */; };
		8DA9860E1BCEA18C00CD5EA4 /* Main.storyboard in Resources */ = {isa = PBXBuildFile; fileRef = 8DA9860C1BCEA18C00CD5EA4 /* Main.storyboard */; };
		8DA986111BCEA18D00CD5EA4 /* SteamPunkPostsViewer.xcdatamodeld in Sources */ = {isa = PBXBuildFile; fileRef = 8DA9860F1BCEA18D00CD5EA4 /* SteamPunkPostsViewer.xcdatamodeld */; };
		8DA986141BCEA18D00CD5EA4 /* SPPMasterViewController.m in Sources */ = {isa = PBXBuildFile; fileRef = 8DA986131BCEA18D00CD5EA4 /* SPPMasterViewController.m */; };
		8DA986171BCEA18D00CD5EA4 /* SPPDetailViewController.m in Sources */ = {isa = PBXBuildFile; fileRef = 8DA986161BCEA18D00CD5EA4 /* SPPDetailViewController.m */; };
		8DA986191BCEA18D00CD5EA4 /* Images.xcassets in Resources */ = {isa = PBXBuildFile; fileRef = 8DA986181BCEA18D00CD5EA4 /* Images.xcassets */; };
		8DA986201BCEA18D00CD5EA4 /* XCTest.framework in Frameworks */ = {isa = PBXBuildFile; fileRef = 8DA9861F1BCEA18D00CD5EA4 /* XCTest.framework */; };
		8DA986211BCEA18D00CD5EA4 /* Foundation.framework in Frameworks */ = {isa = PBXBuildFile; fileRef = 8DA985F81BCEA18C00CD5EA4 /* Foundation.framework */; };
		8DA986221BCEA18D00CD5EA4 /* UIKit.framework in Frameworks */ = {isa = PBXBuildFile; fileRef = 8DA985FC1BCEA18C00CD5EA4 /* UIKit.framework */; };
		8DA986231BCEA18D00CD5EA4 /* CoreData.framework in Frameworks */ = {isa = PBXBuildFile; fileRef = 8DA985FE1BCEA18C00CD5EA4 /* CoreData.framework */; };
		8DA9862B1BCEA18D00CD5EA4 /* InfoPlist.strings in Resources */ = {isa = PBXBuildFile; fileRef = 8DA986291BCEA18D00CD5EA4 /* InfoPlist.strings */; };
		8DA9862D1BCEA18D00CD5EA4 /* SteamPunkPostsViewerTests.m in Sources */ = {isa = PBXBuildFile; fileRef = 8DA9862C1BCEA18D00CD5EA4 /* SteamPunkPostsViewerTests.m */; };
/* End PBXBuildFile section */

/* Begin PBXContainerItemProxy section */
		8DA986241BCEA18D00CD5EA4 /* PBXContainerItemProxy */ = {
			isa = PBXContainerItemProxy;
			containerPortal = 8DA985ED1BCEA18C00CD5EA4 /* Project object */;
			proxyType = 1;
			remoteGlobalIDString = 8DA985F41BCEA18C00CD5EA4;
			remoteInfo = SteamPunkPostsViewer;
		};
/* End PBXContainerItemProxy section */

/* Begin PBXFileReference section */
		8DA985F51BCEA18C00CD5EA4 /* SteamPunkPostsViewer.app */ = {isa = PBXFileReference; explicitFileType = wrapper.application; includeInIndex = 0; path = SteamPunkPostsViewer.app; sourceTree = BUILT_PRODUCTS_DIR; };
		8DA985F81BCEA18C00CD5EA4 /* Foundation.framework */ = {isa = PBXFileReference; lastKnownFileType = wrapper.framework; name = Foundation.framework; path = System/Library/Frameworks/Foundation.framework; sourceTree = SDKROOT; };
		8DA985FA1BCEA18C00CD5EA4 /* CoreGraphics.framework */ = {isa = PBXFileReference; lastKnownFileType = wrapper.framework; name = CoreGraphics.framework; path = System/Library/Frameworks/CoreGraphics.framework; sourceTree = SDKROOT; };
		8DA985FC1BCEA18C00CD5EA4 /* UIKit.framework */ = {isa = PBXFileReference; lastKnownFileType = wrapper.framework; name = UIKit.framework; path = System/Library/Frameworks/UIKit.framework; sourceTree = SDKROOT; };
		8DA985FE1BCEA18C00CD5EA4 /* CoreData.framework */ = {isa = PBXFileReference; lastKnownFileType = wrapper.framework; name = CoreData.framework; path = System/Library/Frameworks/CoreData.framework; sourceTree = SDKROOT; };
		8DA986021BCEA18C00CD5EA4 /* SteamPunkPostsViewer-Info.plist */ = {isa = PBXFileReference; lastKnownFileType = text.plist.xml; path = "SteamPunkPostsViewer-Info.plist"; sourceTree = "<group>"; };
		8DA986041BCEA18C00CD5EA4 /* en */ = {isa = PBXFileReference; lastKnownFileType = text.plist.strings; name = en; path = en.lproj/InfoPlist.strings; sourceTree = "<group>"; };
		8DA986061BCEA18C00CD5EA4 /* main.m */ = {isa = PBXFileReference; lastKnownFileType = sourcecode.c.objc; path = main.m; sourceTree = "<group>"; };
		8DA986081BCEA18C00CD5EA4 /* SteamPunkPostsViewer-Prefix.pch */ = {isa = PBXFileReference; lastKnownFileType = sourcecode.c.h; path = "SteamPunkPostsViewer-Prefix.pch"; sourceTree = "<group>"; };
		8DA986091BCEA18C00CD5EA4 /* SPPAppDelegate.h */ = {isa = PBXFileReference; lastKnownFileType = sourcecode.c.h; path = SPPAppDelegate.h; sourceTree = "<group>"; };
		8DA9860A1BCEA18C00CD5EA4 /* SPPAppDelegate.m */ = {isa = PBXFileReference; lastKnownFileType = sourcecode.c.objc; path = SPPAppDelegate.m; sourceTree = "<group>"; };
		8DA9860D1BCEA18C00CD5EA4 /* Base */ = {isa = PBXFileReference; lastKnownFileType = file.storyboard; name = Base; path = Base.lproj/Main.storyboard; sourceTree = "<group>"; };
		8DA986101BCEA18D00CD5EA4 /* SteamPunkPostsViewer.xcdatamodel */ = {isa = PBXFileReference; lastKnownFileType = wrapper.xcdatamodel; path = SteamPunkPostsViewer.xcdatamodel; sourceTree = "<group>"; };
		8DA986121BCEA18D00CD5EA4 /* SPPMasterViewController.h */ = {isa = PBXFileReference; lastKnownFileType = sourcecode.c.h; path = SPPMasterViewController.h; sourceTree = "<group>"; };
		8DA986131BCEA18D00CD5EA4 /* SPPMasterViewController.m */ = {isa = PBXFileReference; lastKnownFileType = sourcecode.c.objc; path = SPPMasterViewController.m; sourceTree = "<group>"; };
		8DA986151BCEA18D00CD5EA4 /* SPPDetailViewController.h */ = {isa = PBXFileReference; lastKnownFileType = sourcecode.c.h; path = SPPDetailViewController.h; sourceTree = "<group>"; };
		8DA986161BCEA18D00CD5EA4 /* SPPDetailViewController.m */ = {isa = PBXFileReference; lastKnownFileType = sourcecode.c.objc; path = SPPDetailViewController.m; sourceTree = "<group>"; };
		8DA986181BCEA18D00CD5EA4 /* Images.xcassets */ = {isa = PBXFileReference; lastKnownFileType = folder.assetcatalog; path = Images.xcassets; sourceTree = "<group>"; };
		8DA9861E1BCEA18D00CD5EA4 /* SteamPunkPostsViewerTests.xctest */ = {isa = PBXFileReference; explicitFileType = wrapper.cfbundle; includeInIndex = 0; path = SteamPunkPostsViewerTests.xctest; sourceTree = BUILT_PRODUCTS_DIR; };
		8DA9861F1BCEA18D00CD5EA4 /* XCTest.framework */ = {isa = PBXFileReference; lastKnownFileType = wrapper.framework; name = XCTest.framework; path = Library/Frameworks/XCTest.framework; sourceTree = DEVELOPER_DIR; };
		8DA986281BCEA18D00CD5EA4 /* SteamPunkPostsViewerTests-Info.plist */ = {isa = PBXFileReference; lastKnownFileType = text.plist.xml; path = "SteamPunkPostsViewerTests-Info.plist"; sourceTree = "<group>"; };
		8DA9862A1BCEA18D00CD5EA4 /* en */ = {isa = PBXFileReference; lastKnownFileType = text.plist.strings; name = en; path = en.lproj/InfoPlist.strings; sourceTree = "<group>"; };
		8DA9862C1BCEA18D00CD5EA4 /* SteamPunkPostsViewerTests.m */ = {isa = PBXFileReference; lastKnownFileType = sourcecode.c.objc; path = SteamPunkPostsViewerTests.m; sourceTree = "<group>"; };
/* End PBXFileReference section */

/* Begin PBXFrameworksBuildPhase section */
		8DA985F21BCEA18C00CD5EA4 /* Frameworks */ = {
			isa = PBXFrameworksBuildPhase;
			buildActionMask = 2147483647;
			files = (
				8DA985FB1BCEA18C00CD5EA4 /* CoreGraphics.framework in Frameworks */,
				8DA985FF1BCEA18C00CD5EA4 /* CoreData.framework in Frameworks */,
				8DA985FD1BCEA18C00CD5EA4 /* UIKit.framework in Frameworks */,
				8DA985F91BCEA18C00CD5EA4 /* Foundation.framework in Frameworks */,
			);
			runOnlyForDeploymentPostprocessing = 0;
		};
		8DA9861B1BCEA18D00CD5EA4 /* Frameworks */ = {
			isa = PBXFrameworksBuildPhase;
			buildActionMask = 2147483647;
			files = (
				8DA986201BCEA18D00CD5EA4 /* XCTest.framework in Frameworks */,
				8DA986231BCEA18D00CD5EA4 /* CoreData.framework in Frameworks */,
				8DA986221BCEA18D00CD5EA4 /* UIKit.framework in Frameworks */,
				8DA986211BCEA18D00CD5EA4 /* Foundation.framework in Frameworks */,
			);
			runOnlyForDeploymentPostprocessing = 0;
		};
/* End PBXFrameworksBuildPhase section */

/* Begin PBXGroup section */
		8DA985EC1BCEA18C00CD5EA4 = {
			isa = PBXGroup;
			children = (
				8DA986001BCEA18C00CD5EA4 /* SteamPunkPostsViewer */,
				8DA986261BCEA18D00CD5EA4 /* SteamPunkPostsViewerTests */,
				8DA985F71BCEA18C00CD5EA4 /* Frameworks */,
				8DA985F61BCEA18C00CD5EA4 /* Products */,
			);
			sourceTree = "<group>";
		};
		8DA985F61BCEA18C00CD5EA4 /* Products */ = {
			isa = PBXGroup;
			children = (
				8DA985F51BCEA18C00CD5EA4 /* SteamPunkPostsViewer.app */,
				8DA9861E1BCEA18D00CD5EA4 /* SteamPunkPostsViewerTests.xctest */,
			);
			name = Products;
			sourceTree = "<group>";
		};
		8DA985F71BCEA18C00CD5EA4 /* Frameworks */ = {
			isa = PBXGroup;
			children = (
				8DA985F81BCEA18C00CD5EA4 /* Foundation.framework */,
				8DA985FA1BCEA18C00CD5EA4 /* CoreGraphics.framework */,
				8DA985FC1BCEA18C00CD5EA4 /* UIKit.framework */,
				8DA985FE1BCEA18C00CD5EA4 /* CoreData.framework */,
				8DA9861F1BCEA18D00CD5EA4 /* XCTest.framework */,
			);
			name = Frameworks;
			sourceTree = "<group>";
		};
		8DA986001BCEA18C00CD5EA4 /* SteamPunkPostsViewer */ = {
			isa = PBXGroup;
			children = (
				8DA986091BCEA18C00CD5EA4 /* SPPAppDelegate.h */,
				8DA9860A1BCEA18C00CD5EA4 /* SPPAppDelegate.m */,
				8DA9860C1BCEA18C00CD5EA4 /* Main.storyboard */,
				8DA986121BCEA18D00CD5EA4 /* SPPMasterViewController.h */,
				8DA986131BCEA18D00CD5EA4 /* SPPMasterViewController.m */,
				8DA986151BCEA18D00CD5EA4 /* SPPDetailViewController.h */,
				8DA986161BCEA18D00CD5EA4 /* SPPDetailViewController.m */,
				8DA986181BCEA18D00CD5EA4 /* Images.xcassets */,
				8DA9860F1BCEA18D00CD5EA4 /* SteamPunkPostsViewer.xcdatamodeld */,
				8DA986011BCEA18C00CD5EA4 /* Supporting Files */,
			);
			path = SteamPunkPostsViewer;
			sourceTree = "<group>";
		};
		8DA986011BCEA18C00CD5EA4 /* Supporting Files */ = {
			isa = PBXGroup;
			children = (
				8DA986021BCEA18C00CD5EA4 /* SteamPunkPostsViewer-Info.plist */,
				8DA986031BCEA18C00CD5EA4 /* InfoPlist.strings */,
				8DA986061BCEA18C00CD5EA4 /* main.m */,
				8DA986081BCEA18C00CD5EA4 /* SteamPunkPostsViewer-Prefix.pch */,
			);
			name = "Supporting Files";
			sourceTree = "<group>";
		};
		8DA986261BCEA18D00CD5EA4 /* SteamPunkPostsViewerTests */ = {
			isa = PBXGroup;
			children = (
				8DA9862C1BCEA18D00CD5EA4 /* SteamPunkPostsViewerTests.m */,
				8DA986271BCEA18D00CD5EA4 /* Supporting Files */,
			);
			path = SteamPunkPostsViewerTests;
			sourceTree = "<group>";
		};
		8DA986271BCEA18D00CD5EA4 /* Supporting Files */ = {
			isa = PBXGroup;
			children = (
				8DA986281BCEA18D00CD5EA4 /* SteamPunkPostsViewerTests-Info.plist */,
				8DA986291BCEA18D00CD5EA4 /* InfoPlist.strings */,
			);
			name = "Supporting Files";
			sourceTree = "<group>";
		};
/* End PBXGroup section */

/* Begin PBXNativeTarget section */
		8DA985F41BCEA18C00CD5EA4 /* SteamPunkPostsViewer */ = {
			isa = PBXNativeTarget;
			buildConfigurationList = 8DA986301BCEA18D00CD5EA4 /* Build configuration list for PBXNativeTarget "SteamPunkPostsViewer" */;
			buildPhases = (
				8DA985F11BCEA18C00CD5EA4 /* Sources */,
				8DA985F21BCEA18C00CD5EA4 /* Frameworks */,
				8DA985F31BCEA18C00CD5EA4 /* Resources */,
			);
			buildRules = (
			);
			dependencies = (
			);
			name = SteamPunkPostsViewer;
			productName = SteamPunkPostsViewer;
			productReference = 8DA985F51BCEA18C00CD5EA4 /* SteamPunkPostsViewer.app */;
			productType = "com.apple.product-type.application";
		};
		8DA9861D1BCEA18D00CD5EA4 /* SteamPunkPostsViewerTests */ = {
			isa = PBXNativeTarget;
			buildConfigurationList = 8DA986331BCEA18D00CD5EA4 /* Build configuration list for PBXNativeTarget "SteamPunkPostsViewerTests" */;
			buildPhases = (
				8DA9861A1BCEA18D00CD5EA4 /* Sources */,
				8DA9861B1BCEA18D00CD5EA4 /* Frameworks */,
				8DA9861C1BCEA18D00CD5EA4 /* Resources */,
			);
			buildRules = (
			);
			dependencies = (
				8DA986251BCEA18D00CD5EA4 /* PBXTargetDependency */,
			);
			name = SteamPunkPostsViewerTests;
			productName = SteamPunkPostsViewerTests;
			productReference = 8DA9861E1BCEA18D00CD5EA4 /* SteamPunkPostsViewerTests.xctest */;
			productType = "com.apple.product-type.bundle.unit-test";
		};
/* End PBXNativeTarget section */

/* Begin PBXProject section */
		8DA985ED1BCEA18C00CD5EA4 /* Project object */ = {
			isa = PBXProject;
			attributes = {
				CLASSPREFIX = SPP;
				LastUpgradeCheck = 0510;
				ORGANIZATIONNAME = "Tykhonkov Ilya";
				TargetAttributes = {
					8DA9861D1BCEA18D00CD5EA4 = {
						TestTargetID = 8DA985F41BCEA18C00CD5EA4;
					};
				};
			};
			buildConfigurationList = 8DA985F01BCEA18C00CD5EA4 /* Build configuration list for PBXProject "SteamPunkPostsViewer" */;
			compatibilityVersion = "Xcode 3.2";
			developmentRegion = English;
			hasScannedForEncodings = 0;
			knownRegions = (
				en,
				Base,
			);
			mainGroup = 8DA985EC1BCEA18C00CD5EA4;
			productRefGroup = 8DA985F61BCEA18C00CD5EA4 /* Products */;
			projectDirPath = "";
			projectRoot = "";
			targets = (
				8DA985F41BCEA18C00CD5EA4 /* SteamPunkPostsViewer */,
				8DA9861D1BCEA18D00CD5EA4 /* SteamPunkPostsViewerTests */,
			);
		};
/* End PBXProject section */

/* Begin PBXResourcesBuildPhase section */
		8DA985F31BCEA18C00CD5EA4 /* Resources */ = {
			isa = PBXResourcesBuildPhase;
			buildActionMask = 2147483647;
			files = (
				8DA986191BCEA18D00CD5EA4 /* Images.xcassets in Resources */,
				8DA986051BCEA18C00CD5EA4 /* InfoPlist.strings in Resources */,
				8DA9860E1BCEA18C00CD5EA4 /* Main.storyboard in Resources */,
			);
			runOnlyForDeploymentPostprocessing = 0;
		};
		8DA9861C1BCEA18D00CD5EA4 /* Resources */ = {
			isa = PBXResourcesBuildPhase;
			buildActionMask = 2147483647;
			files = (
				8DA9862B1BCEA18D00CD5EA4 /* InfoPlist.strings in Resources */,
			);
			runOnlyForDeploymentPostprocessing = 0;
		};
/* End PBXResourcesBuildPhase section */

/* Begin PBXSourcesBuildPhase section */
		8DA985F11BCEA18C00CD5EA4 /* Sources */ = {
			isa = PBXSourcesBuildPhase;
			buildActionMask = 2147483647;
			files = (
				8DA9860B1BCEA18C00CD5EA4 /* SPPAppDelegate.m in Sources */,
				8DA986171BCEA18D00CD5EA4 /* SPPDetailViewController.m in Sources */,
				8DA986071BCEA18C00CD5EA4 /* main.m in Sources */,
				8DA986141BCEA18D00CD5EA4 /* SPPMasterViewController.m in Sources */,
				8DA986111BCEA18D00CD5EA4 /* SteamPunkPostsViewer.xcdatamodeld in Sources */,
			);
			runOnlyForDeploymentPostprocessing = 0;
		};
		8DA9861A1BCEA18D00CD5EA4 /* Sources */ = {
			isa = PBXSourcesBuildPhase;
			buildActionMask = 2147483647;
			files = (
				8DA9862D1BCEA18D00CD5EA4 /* SteamPunkPostsViewerTests.m in Sources */,
			);
			runOnlyForDeploymentPostprocessing = 0;
		};
/* End PBXSourcesBuildPhase section */

/* Begin PBXTargetDependency section */
		8DA986251BCEA18D00CD5EA4 /* PBXTargetDependency */ = {
			isa = PBXTargetDependency;
			target = 8DA985F41BCEA18C00CD5EA4 /* SteamPunkPostsViewer */;
			targetProxy = 8DA986241BCEA18D00CD5EA4 /* PBXContainerItemProxy */;
		};
/* End PBXTargetDependency section */

/* Begin PBXVariantGroup section */
		8DA986031BCEA18C00CD5EA4 /* InfoPlist.strings */ = {
			isa = PBXVariantGroup;
			children = (
				8DA986041BCEA18C00CD5EA4 /* en */,
			);
			name = InfoPlist.strings;
			sourceTree = "<group>";
		};
		8DA9860C1BCEA18C00CD5EA4 /* Main.storyboard */ = {
			isa = PBXVariantGroup;
			children = (
				8DA9860D1BCEA18C00CD5EA4 /* Base */,
			);
			name = Main.storyboard;
			sourceTree = "<group>";
		};
		8DA986291BCEA18D00CD5EA4 /* InfoPlist.strings */ = {
			isa = PBXVariantGroup;
			children = (
				8DA9862A1BCEA18D00CD5EA4 /* en */,
			);
			name = InfoPlist.strings;
			sourceTree = "<group>";
		};
/* End PBXVariantGroup section */

/* Begin XCBuildConfiguration section */
		8DA9862E1BCEA18D00CD5EA4 /* Debug */ = {
			isa = XCBuildConfiguration;
			buildSettings = {
				ALWAYS_SEARCH_USER_PATHS = NO;
				CLANG_CXX_LANGUAGE_STANDARD = "gnu++0x";
				CLANG_CXX_LIBRARY = "libc++";
				CLANG_ENABLE_MODULES = YES;
				CLANG_ENABLE_OBJC_ARC = YES;
				CLANG_WARN_BOOL_CONVERSION = YES;
				CLANG_WARN_CONSTANT_CONVERSION = YES;
				CLANG_WARN_DIRECT_OBJC_ISA_USAGE = YES_ERROR;
				CLANG_WARN_EMPTY_BODY = YES;
				CLANG_WARN_ENUM_CONVERSION = YES;
				CLANG_WARN_INT_CONVERSION = YES;
				CLANG_WARN_OBJC_ROOT_CLASS = YES_ERROR;
				CLANG_WARN__DUPLICATE_METHOD_MATCH = YES;
				"CODE_SIGN_IDENTITY[sdk=iphoneos*]" = "iPhone Developer";
				COPY_PHASE_STRIP = NO;
				GCC_C_LANGUAGE_STANDARD = gnu99;
				GCC_DYNAMIC_NO_PIC = NO;
				GCC_OPTIMIZATION_LEVEL = 0;
				GCC_PREPROCESSOR_DEFINITIONS = (
					"DEBUG=1",
					"$(inherited)",
				);
				GCC_SYMBOLS_PRIVATE_EXTERN = NO;
				GCC_WARN_64_TO_32_BIT_CONVERSION = YES;
				GCC_WARN_ABOUT_RETURN_TYPE = YES_ERROR;
				GCC_WARN_UNDECLARED_SELECTOR = YES;
				GCC_WARN_UNINITIALIZED_AUTOS = YES_AGGRESSIVE;
				GCC_WARN_UNUSED_FUNCTION = YES;
				GCC_WARN_UNUSED_VARIABLE = YES;
				IPHONEOS_DEPLOYMENT_TARGET = 7.1;
				ONLY_ACTIVE_ARCH = YES;
				SDKROOT = iphoneos;
			};
			name = Debug;
		};
		8DA9862F1BCEA18D00CD5EA4 /* Release */ = {
			isa = XCBuildConfiguration;
			buildSettings = {
				ALWAYS_SEARCH_USER_PATHS = NO;
				CLANG_CXX_LANGUAGE_STANDARD = "gnu++0x";
				CLANG_CXX_LIBRARY = "libc++";
				CLANG_ENABLE_MODULES = YES;
				CLANG_ENABLE_OBJC_ARC = YES;
				CLANG_WARN_BOOL_CONVERSION = YES;
				CLANG_WARN_CONSTANT_CONVERSION = YES;
				CLANG_WARN_DIRECT_OBJC_ISA_USAGE = YES_ERROR;
				CLANG_WARN_EMPTY_BODY = YES;
				CLANG_WARN_ENUM_CONVERSION = YES;
				CLANG_WARN_INT_CONVERSION = YES;
				CLANG_WARN_OBJC_ROOT_CLASS = YES_ERROR;
				CLANG_WARN__DUPLICATE_METHOD_MATCH = YES;
				"CODE_SIGN_IDENTITY[sdk=iphoneos*]" = "iPhone Developer";
				COPY_PHASE_STRIP = YES;
				ENABLE_NS_ASSERTIONS = NO;
				GCC_C_LANGUAGE_STANDARD = gnu99;
				GCC_WARN_64_TO_32_BIT_CONVERSION = YES;
				GCC_WARN_ABOUT_RETURN_TYPE = YES_ERROR;
				GCC_WARN_UNDECLARED_SELECTOR = YES;
				GCC_WARN_UNINITIALIZED_AUTOS = YES_AGGRESSIVE;
				GCC_WARN_UNUSED_FUNCTION = YES;
				GCC_WARN_UNUSED_VARIABLE = YES;
				IPHONEOS_DEPLOYMENT_TARGET = 7.1;
				SDKROOT = iphoneos;
				VALIDATE_PRODUCT = YES;
			};
			name = Release;
		};
		8DA986311BCEA18D00CD5EA4 /* Debug */ = {
			isa = XCBuildConfiguration;
			buildSettings = {
				ASSETCATALOG_COMPILER_APPICON_NAME = AppIcon;
				ASSETCATALOG_COMPILER_LAUNCHIMAGE_NAME = LaunchImage;
				GCC_PRECOMPILE_PREFIX_HEADER = YES;
				GCC_PREFIX_HEADER = "SteamPunkPostsViewer/SteamPunkPostsViewer-Prefix.pch";
				INFOPLIST_FILE = "SteamPunkPostsViewer/SteamPunkPostsViewer-Info.plist";
				PRODUCT_NAME = "$(TARGET_NAME)";
				WRAPPER_EXTENSION = app;
			};
			name = Debug;
		};
		8DA986321BCEA18D00CD5EA4 /* Release */ = {
			isa = XCBuildConfiguration;
			buildSettings = {
				ASSETCATALOG_COMPILER_APPICON_NAME = AppIcon;
				ASSETCATALOG_COMPILER_LAUNCHIMAGE_NAME = LaunchImage;
				GCC_PRECOMPILE_PREFIX_HEADER = YES;
				GCC_PREFIX_HEADER = "SteamPunkPostsViewer/SteamPunkPostsViewer-Prefix.pch";
				INFOPLIST_FILE = "SteamPunkPostsViewer/SteamPunkPostsViewer-Info.plist";
				PRODUCT_NAME = "$(TARGET_NAME)";
				WRAPPER_EXTENSION = app;
			};
			name = Release;
		};
		8DA986341BCEA18D00CD5EA4 /* Debug */ = {
			isa = XCBuildConfiguration;
			buildSettings = {
				BUNDLE_LOADER = "$(BUILT_PRODUCTS_DIR)/SteamPunkPostsViewer.app/SteamPunkPostsViewer";
				FRAMEWORK_SEARCH_PATHS = (
					"$(SDKROOT)/Developer/Library/Frameworks",
					"$(inherited)",
					"$(DEVELOPER_FRAMEWORKS_DIR)",
				);
				GCC_PRECOMPILE_PREFIX_HEADER = YES;
				GCC_PREFIX_HEADER = "SteamPunkPostsViewer/SteamPunkPostsViewer-Prefix.pch";
				GCC_PREPROCESSOR_DEFINITIONS = (
					"DEBUG=1",
					"$(inherited)",
				);
				INFOPLIST_FILE = "SteamPunkPostsViewerTests/SteamPunkPostsViewerTests-Info.plist";
				PRODUCT_NAME = "$(TARGET_NAME)";
				TEST_HOST = "$(BUNDLE_LOADER)";
				WRAPPER_EXTENSION = xctest;
			};
			name = Debug;
		};
		8DA986351BCEA18D00CD5EA4 /* Release */ = {
			isa = XCBuildConfiguration;
			buildSettings = {
				BUNDLE_LOADER = "$(BUILT_PRODUCTS_DIR)/SteamPunkPostsViewer.app/SteamPunkPostsViewer";
				FRAMEWORK_SEARCH_PATHS = (
					"$(SDKROOT)/Developer/Library/Frameworks",
					"$(inherited)",
					"$(DEVELOPER_FRAMEWORKS_DIR)",
				);
				GCC_PRECOMPILE_PREFIX_HEADER = YES;
				GCC_PREFIX_HEADER = "SteamPunkPostsViewer/SteamPunkPostsViewer-Prefix.pch";
				INFOPLIST_FILE = "SteamPunkPostsViewerTests/SteamPunkPostsViewerTests-Info.plist";
				PRODUCT_NAME = "$(TARGET_NAME)";
				TEST_HOST = "$(BUNDLE_LOADER)";
				WRAPPER_EXTENSION = xctest;
			};
			name = Release;
		};
/* End XCBuildConfiguration section */

/* Begin XCConfigurationList section */
		8DA985F01BCEA18C00CD5EA4 /* Build configuration list for PBXProject "SteamPunkPostsViewer" */ = {
			isa = XCConfigurationList;
			buildConfigurations = (
				8DA9862E1BCEA18D00CD5EA4 /* Debug */,
				8DA9862F1BCEA18D00CD5EA4 /* Release */,
			);
			defaultConfigurationIsVisible = 0;
			defaultConfigurationName = Release;
		};
		8DA986301BCEA18D00CD5EA4 /* Build configuration list for PBXNativeTarget "SteamPunkPostsViewer" */ = {
			isa = XCConfigurationList;
			buildConfigurations = (
				8DA986311BCEA18D00CD5EA4 /* Debug */,
				8DA986321BCEA18D00CD5EA4 /* Release */,
			);
			defaultConfigurationIsVisible = 0;
		};
		8DA986331BCEA18D00CD5EA4 /* Build configuration list for PBXNativeTarget "SteamPunkPostsViewerTests" */ = {
			isa = XCConfigurationList;
			buildConfigurations = (
				8DA986341BCEA18D00CD5EA4 /* Debug */,
				8DA986351BCEA18D00CD5EA4 /* Release */,
			);
			defaultConfigurationIsVisible = 0;
		};
/* End XCConfigurationList section */

/* Begin XCVersionGroup section */
		8DA9860F1BCEA18D00CD5EA4 /* SteamPunkPostsViewer.xcdatamodeld */ = {
			isa = XCVersionGroup;
			children = (
				8DA986101BCEA18D00CD5EA4 /* SteamPunkPostsViewer.xcdatamodel */,
			);
			currentVersion = 8DA986101BCEA18D00CD5EA4 /* SteamPunkPostsViewer.xcdatamodel */;
			path = SteamPunkPostsViewer.xcdatamodeld;
			sourceTree = "<group>";
			versionGroupType = wrapper.xcdatamodel;
		};
/* End XCVersionGroup section */
	};
	rootObject = 8DA985ED1BCEA18C00CD5EA4 /* Project object */;
}
